
Microsoft Visual Studio Solution File, Format Version 12.00
# Visual Studio Version 17
VisualStudioVersion = 17.8.34330.188
MinimumVisualStudioVersion = 10.0.40219.1
Project("{FAE04EC0-301F-11D3-BF4B-00C04F79EFBC}") = "dontconnect", "dontconnect.csproj", "{8AD54DDA-55B6-4EC9-AAB3-B434D89F2570}"
EndProject
Global
	GlobalSection(SolutionConfigurationPlatforms) = preSolution
		Debug|Any CPU = Debug|Any CPU
		Release|Any CPU = Release|Any CPU
	EndGlobalSection
	GlobalSection(ProjectConfigurationPlatforms) = postSolution
		{8AD54DDA-55B6-4EC9-AAB3-B434D89F2570}.Debug|Any CPU.ActiveCfg = Debug|Any CPU
		{8AD54DDA-55B6-4EC9-AAB3-B434D89F2570}.Debug|Any CPU.Build.0 = Debug|Any CPU
		{8AD54DDA-55B6-4EC9-AAB3-B434D89F2570}.Release|Any CPU.ActiveCfg = Release|Any CPU
		{8AD54DDA-55B6-4EC9-AAB3-B434D89F2570}.Release|Any CPU.Build.0 = Release|Any CPU
	EndGlobalSection
	GlobalSection(SolutionProperties) = preSolution
		HideSolutionNode = FALSE
	EndGlobalSection
	GlobalSection(ExtensibilityGlobals) = postSolution
		SolutionGuid = {6B8A99EF-231C-4398-A9DC-45A66C20F968}
	EndGlobalSection
EndGlobal
